// !$*UTF8*$!
{
	archiveVersion = 1;
	classes = {
	};
	objectVersion = 50;
	objects = {

/* Begin PBXBuildFile section */
		CD5C3077237E4B05008A8AE2 /* AppDelegate.swift in Sources */ = {isa = PBXBuildFile; fileRef = CD5C3076237E4B05008A8AE2 /* AppDelegate.swift */; };
		CD5C3079237E4B05008A8AE2 /* SceneDelegate.swift in Sources */ = {isa = PBXBuildFile; fileRef = CD5C3078237E4B05008A8AE2 /* SceneDelegate.swift */; };
		CD5C307B237E4B05008A8AE2 /* ViewController.swift in Sources */ = {isa = PBXBuildFile; fileRef = CD5C307A237E4B05008A8AE2 /* ViewController.swift */; };
		CD5C307E237E4B05008A8AE2 /* Main.storyboard in Resources */ = {isa = PBXBuildFile; fileRef = CD5C307C237E4B05008A8AE2 /* Main.storyboard */; };
		CD5C3083237E4B0B008A8AE2 /* LaunchScreen.storyboard in Resources */ = {isa = PBXBuildFile; fileRef = CD5C3081237E4B0B008A8AE2 /* LaunchScreen.storyboard */; };
		CD5C308B237E4B2A008A8AE2 /* Assets.xcassets in Resources */ = {isa = PBXBuildFile; fileRef = CD5C308A237E4B2A008A8AE2 /* Assets.xcassets */; };
		CD5C308D237E4B52008A8AE2 /* HalloweenImage.swift in Sources */ = {isa = PBXBuildFile; fileRef = CD5C308C237E4B52008A8AE2 /* HalloweenImage.swift */; };
/* End PBXBuildFile section */

/* Begin PBXFileReference section */
		CD5C3073237E4B05008A8AE2 /* CustomTableViewCellLab.app */ = {isa = PBXFileReference; explicitFileType = wrapper.application; includeInIndex = 0; path = CustomTableViewCellLab.app; sourceTree = BUILT_PRODUCTS_DIR; };
		CD5C3076237E4B05008A8AE2 /* AppDelegate.swift */ = {isa = PBXFileReference; lastKnownFileType = sourcecode.swift; path = AppDelegate.swift; sourceTree = "<group>"; };
		CD5C3078237E4B05008A8AE2 /* SceneDelegate.swift */ = {isa = PBXFileReference; lastKnownFileType = sourcecode.swift; path = SceneDelegate.swift; sourceTree = "<group>"; };
		CD5C307A237E4B05008A8AE2 /* ViewController.swift */ = {isa = PBXFileReference; lastKnownFileType = sourcecode.swift; path = ViewController.swift; sourceTree = "<group>"; };
		CD5C307D237E4B05008A8AE2 /* Base */ = {isa = PBXFileReference; lastKnownFileType = file.storyboard; name = Base; path = Base.lproj/Main.storyboard; sourceTree = "<group>"; };
		CD5C3082237E4B0B008A8AE2 /* Base */ = {isa = PBXFileReference; lastKnownFileType = file.storyboard; name = Base; path = Base.lproj/LaunchScreen.storyboard; sourceTree = "<group>"; };
		CD5C3084237E4B0B008A8AE2 /* Info.plist */ = {isa = PBXFileReference; lastKnownFileType = text.plist.xml; path = Info.plist; sourceTree = "<group>"; };
		CD5C308A237E4B2A008A8AE2 /* Assets.xcassets */ = {isa = PBXFileReference; lastKnownFileType = folder.assetcatalog; name = Assets.xcassets; path = "../../../AC-iOS-HalloweenTableViewCells/AC-iOS-HalloweenTableViewCells/Assets.xcassets"; sourceTree = "<group>"; };
		CD5C308C237E4B52008A8AE2 /* HalloweenImage.swift */ = {isa = PBXFileReference; fileEncoding = 4; lastKnownFileType = sourcecode.swift; path = HalloweenImage.swift; sourceTree = "<group>"; };
/* End PBXFileReference section */

/* Begin PBXFrameworksBuildPhase section */
		CD5C3070237E4B05008A8AE2 /* Frameworks */ = {
			isa = PBXFrameworksBuildPhase;
			buildActionMask = 2147483647;
			files = (
			);
			runOnlyForDeploymentPostprocessing = 0;
		};
/* End PBXFrameworksBuildPhase section */

/* Begin PBXGroup section */
		CD5C306A237E4B05008A8AE2 = {
			isa = PBXGroup;
			children = (
				CD5C3075237E4B05008A8AE2 /* CustomTableViewCellLab */,
				CD5C3074237E4B05008A8AE2 /* Products */,
			);
			sourceTree = "<group>";
		};
		CD5C3074237E4B05008A8AE2 /* Products */ = {
			isa = PBXGroup;
			children = (
				CD5C3073237E4B05008A8AE2 /* CustomTableViewCellLab.app */,
			);
			name = Products;
			sourceTree = "<group>";
		};
		CD5C3075237E4B05008A8AE2 /* CustomTableViewCellLab */ = {
			isa = PBXGroup;
			children = (
				CD5C3076237E4B05008A8AE2 /* AppDelegate.swift */,
				CD5C3078237E4B05008A8AE2 /* SceneDelegate.swift */,
				CD5C308C237E4B52008A8AE2 /* HalloweenImage.swift */,
				CD5C307A237E4B05008A8AE2 /* ViewController.swift */,
				CD5C307C237E4B05008A8AE2 /* Main.storyboard */,
				CD5C308A237E4B2A008A8AE2 /* Assets.xcassets */,
				CD5C3081237E4B0B008A8AE2 /* LaunchScreen.storyboard */,
				CD5C3084237E4B0B008A8AE2 /* Info.plist */,
			);
			path = CustomTableViewCellLab;
			sourceTree = "<group>";
		};
/* End PBXGroup section */

/* Begin PBXNativeTarget section */
		CD5C3072237E4B05008A8AE2 /* CustomTableViewCellLab */ = {
			isa = PBXNativeTarget;
			buildConfigurationList = CD5C3087237E4B0B008A8AE2 /* Build configuration list for PBXNativeTarget "CustomTableViewCellLab" */;
			buildPhases = (
				CD5C306F237E4B05008A8AE2 /* Sources */,
				CD5C3070237E4B05008A8AE2 /* Frameworks */,
				CD5C3071237E4B05008A8AE2 /* Resources */,
			);
			buildRules = (
			);
			dependencies = (
			);
			name = CustomTableViewCellLab;
			productName = CustomTableViewCellLab;
			productReference = CD5C3073237E4B05008A8AE2 /* CustomTableViewCellLab.app */;
			productType = "com.apple.product-type.application";
		};
/* End PBXNativeTarget section */

/* Begin PBXProject section */
		CD5C306B237E4B05008A8AE2 /* Project object */ = {
			isa = PBXProject;
			attributes = {
				LastSwiftUpdateCheck = 1100;
				LastUpgradeCheck = 1100;
				ORGANIZATIONNAME = "Benjamin Stone";
				TargetAttributes = {
					CD5C3072237E4B05008A8AE2 = {
						CreatedOnToolsVersion = 11.0;
					};
				};
			};
			buildConfigurationList = CD5C306E237E4B05008A8AE2 /* Build configuration list for PBXProject "CustomTableViewCellLab" */;
			compatibilityVersion = "Xcode 9.3";
			developmentRegion = en;
			hasScannedForEncodings = 0;
			knownRegions = (
				en,
				Base,
			);
			mainGroup = CD5C306A237E4B05008A8AE2;
			productRefGroup = CD5C3074237E4B05008A8AE2 /* Products */;
			projectDirPath = "";
			projectRoot = "";
			targets = (
				CD5C3072237E4B05008A8AE2 /* CustomTableViewCellLab */,
			);
		};
/* End PBXProject section */

/* Begin PBXResourcesBuildPhase section */
		CD5C3071237E4B05008A8AE2 /* Resources */ = {
			isa = PBXResourcesBuildPhase;
			buildActionMask = 2147483647;
			files = (
				CD5C3083237E4B0B008A8AE2 /* LaunchScreen.storyboard in Resources */,
				CD5C308B237E4B2A008A8AE2 /* Assets.xcassets in Resources */,
				CD5C307E237E4B05008A8AE2 /* Main.storyboard in Resources */,
			);
			runOnlyForDeploymentPostprocessing = 0;
		};
/* End PBXResourcesBuildPhase section */

/* Begin PBXSourcesBuildPhase section */
		CD5C306F237E4B05008A8AE2 /* Sources */ = {
			isa = PBXSourcesBuildPhase;
			buildActionMask = 2147483647;
			files = (
				CD5C307B237E4B05008A8AE2 /* ViewController.swift in Sources */,
				CD5C308D237E4B52008A8AE2 /* HalloweenImage.swift in Sources */,
				CD5C3077237E4B05008A8AE2 /* AppDelegate.swift in Sources */,
				CD5C3079237E4B05008A8AE2 /* SceneDelegate.swift in Sources */,
			);
			runOnlyForDeploymentPostprocessing = 0;
		};
/* End PBXSourcesBuildPhase section */

/* Begin PBXVariantGroup section */
		CD5C307C237E4B05008A8AE2 /* Main.storyboard */ = {
			isa = PBXVariantGroup;
			children = (
				CD5C307D237E4B05008A8AE2 /* Base */,
			);
			name = Main.storyboard;
			sourceTree = "<group>";
		};
		CD5C3081237E4B0B008A8AE2 /* LaunchScreen.storyboard */ = {
			isa = PBXVariantGroup;
			children = (
				CD5C3082237E4B0B008A8AE2 /* Base */,
			);
			name = LaunchScreen.storyboard;
			sourceTree = "<group>";
		};
/* End PBXVariantGroup section */

/* Begin XCBuildConfiguration section */
		CD5C3085237E4B0B008A8AE2 /* Debug */ = {
			isa = XCBuildConfiguration;
			buildSettings = {
				ALWAYS_SEARCH_USER_PATHS = NO;
				CLANG_ANALYZER_NONNULL = YES;
				CLANG_ANALYZER_NUMBER_OBJECT_CONVERSION = YES_AGGRESSIVE;
				CLANG_CXX_LANGUAGE_STANDARD = "gnu++14";
				CLANG_CXX_LIBRARY = "libc++";
				CLANG_ENABLE_MODULES = YES;
				CLANG_ENABLE_OBJC_ARC = YES;
				CLANG_ENABLE_OBJC_WEAK = YES;
				CLANG_WARN_BLOCK_CAPTURE_AUTORELEASING = YES;
				CLANG_WARN_BOOL_CONVERSION = YES;
				CLANG_WARN_COMMA = YES;
				CLANG_WARN_CONSTANT_CONVERSION = YES;
				CLANG_WARN_DEPRECATED_OBJC_IMPLEMENTATIONS = YES;
				CLANG_WARN_DIRECT_OBJC_ISA_USAGE = YES_ERROR;
				CLANG_WARN_DOCUMENTATION_COMMENTS = YES;
				CLANG_WARN_EMPTY_BODY = YES;
				CLANG_WARN_ENUM_CONVERSION = YES;
				CLANG_WARN_INFINITE_RECURSION = YES;
				CLANG_WARN_INT_CONVERSION = YES;
				CLANG_WARN_NON_LITERAL_NULL_CONVERSION = YES;
				CLANG_WARN_OBJC_IMPLICIT_RETAIN_SELF = YES;
				CLANG_WARN_OBJC_LITERAL_CONVERSION = YES;
				CLANG_WARN_OBJC_ROOT_CLASS = YES_ERROR;
				CLANG_WARN_RANGE_LOOP_ANALYSIS = YES;
				CLANG_WARN_STRICT_PROTOTYPES = YES;
				CLANG_WARN_SUSPICIOUS_MOVE = YES;
				CLANG_WARN_UNGUARDED_AVAILABILITY = YES_AGGRESSIVE;
				CLANG_WARN_UNREACHABLE_CODE = YES;
				CLANG_WARN__DUPLICATE_METHOD_MATCH = YES;
				COPY_PHASE_STRIP = NO;
				DEBUG_INFORMATION_FORMAT = dwarf;
				ENABLE_STRICT_OBJC_MSGSEND = YES;
				ENABLE_TESTABILITY = YES;
				GCC_C_LANGUAGE_STANDARD = gnu11;
				GCC_DYNAMIC_NO_PIC = NO;
				GCC_NO_COMMON_BLOCKS = YES;
				GCC_OPTIMIZATION_LEVEL = 0;
				GCC_PREPROCESSOR_DEFINITIONS = (
					"DEBUG=1",
					"$(inherited)",
				);
				GCC_WARN_64_TO_32_BIT_CONVERSION = YES;
				GCC_WARN_ABOUT_RETURN_TYPE = YES_ERROR;
				GCC_WARN_UNDECLARED_SELECTOR = YES;
				GCC_WARN_UNINITIALIZED_AUTOS = YES_AGGRESSIVE;
				GCC_WARN_UNUSED_FUNCTION = YES;
				GCC_WARN_UNUSED_VARIABLE = YES;
				IPHONEOS_DEPLOYMENT_TARGET = 13.0;
				MTL_ENABLE_DEBUG_INFO = INCLUDE_SOURCE;
				MTL_FAST_MATH = YES;
				ONLY_ACTIVE_ARCH = YES;
				SDKROOT = iphoneos;
				SWIFT_ACTIVE_COMPILATION_CONDITIONS = DEBUG;
				SWIFT_OPTIMIZATION_LEVEL = "-Onone";
			};
			name = Debug;
		};
		CD5C3086237E4B0B008A8AE2 /* Release */ = {
			isa = XCBuildConfiguration;
			buildSettings = {
				ALWAYS_SEARCH_USER_PATHS = NO;
				CLANG_ANALYZER_NONNULL = YES;
				CLANG_ANALYZER_NUMBER_OBJECT_CONVERSION = YES_AGGRESSIVE;
				CLANG_CXX_LANGUAGE_STANDARD = "gnu++14";
				CLANG_CXX_LIBRARY = "libc++";
				CLANG_ENABLE_MODULES = YES;
				CLANG_ENABLE_OBJC_ARC = YES;
				CLANG_ENABLE_OBJC_WEAK = YES;
				CLANG_WARN_BLOCK_CAPTURE_AUTORELEASING = YES;
				CLANG_WARN_BOOL_CONVERSION = YES;
				CLANG_WARN_COMMA = YES;
				CLANG_WARN_CONSTANT_CONVERSION = YES;
				CLANG_WARN_DEPRECATED_OBJC_IMPLEMENTATIONS = YES;
				CLANG_WARN_DIRECT_OBJC_ISA_USAGE = YES_ERROR;
				CLANG_WARN_DOCUMENTATION_COMMENTS = YES;
				CLANG_WARN_EMPTY_BODY = YES;
				CLANG_WARN_ENUM_CONVERSION = YES;
				CLANG_WARN_INFINITE_RECURSION = YES;
				CLANG_WARN_INT_CONVERSION = YES;
				CLANG_WARN_NON_LITERAL_NULL_CONVERSION = YES;
				CLANG_WARN_OBJC_IMPLICIT_RETAIN_SELF = YES;
				CLANG_WARN_OBJC_LITERAL_CONVERSION = YES;
				CLANG_WARN_OBJC_ROOT_CLASS = YES_ERROR;
				CLANG_WARN_RANGE_LOOP_ANALYSIS = YES;
				CLANG_WARN_STRICT_PROTOTYPES = YES;
				CLANG_WARN_SUSPICIOUS_MOVE = YES;
				CLANG_WARN_UNGUARDED_AVAILABILITY = YES_AGGRESSIVE;
				CLANG_WARN_UNREACHABLE_CODE = YES;
				CLANG_WARN__DUPLICATE_METHOD_MATCH = YES;
				COPY_PHASE_STRIP = NO;
				DEBUG_INFORMATION_FORMAT = "dwarf-with-dsym";
				ENABLE_NS_ASSERTIONS = NO;
				ENABLE_STRICT_OBJC_MSGSEND = YES;
				GCC_C_LANGUAGE_STANDARD = gnu11;
				GCC_NO_COMMON_BLOCKS = YES;
				GCC_WARN_64_TO_32_BIT_CONVERSION = YES;
				GCC_WARN_ABOUT_RETURN_TYPE = YES_ERROR;
				GCC_WARN_UNDECLARED_SELECTOR = YES;
				GCC_WARN_UNINITIALIZED_AUTOS = YES_AGGRESSIVE;
				GCC_WARN_UNUSED_FUNCTION = YES;
				GCC_WARN_UNUSED_VARIABLE = YES;
				IPHONEOS_DEPLOYMENT_TARGET = 13.0;
				MTL_ENABLE_DEBUG_INFO = NO;
				MTL_FAST_MATH = YES;
				SDKROOT = iphoneos;
				SWIFT_COMPILATION_MODE = wholemodule;
				SWIFT_OPTIMIZATION_LEVEL = "-O";
				VALIDATE_PRODUCT = YES;
			};
			name = Release;
		};
		CD5C3088237E4B0B008A8AE2 /* Debug */ = {
			isa = XCBuildConfiguration;
			buildSettings = {
				ASSETCATALOG_COMPILER_APPICON_NAME = AppIcon;
				CODE_SIGN_STYLE = Automatic;
				DEVELOPMENT_TEAM = 26RHXP32FH;
				INFOPLIST_FILE = CustomTableViewCellLab/Info.plist;
				LD_RUNPATH_SEARCH_PATHS = (
					"$(inherited)",
					"@executable_path/Frameworks",
				);
				PRODUCT_BUNDLE_IDENTIFIER = pursuit.CustomTableViewCellLab;
				PRODUCT_NAME = "$(TARGET_NAME)";
				SWIFT_VERSION = 5.0;
				TARGETED_DEVICE_FAMILY = "1,2";
			};
			name = Debug;
		};
		CD5C3089237E4B0B008A8AE2 /* Release */ = {
			isa = XCBuildConfiguration;
			buildSettings = {
				ASSETCATALOG_COMPILER_APPICON_NAME = AppIcon;
				CODE_SIGN_STYLE = Automatic;
				DEVELOPMENT_TEAM = 26RHXP32FH;
				INFOPLIST_FILE = CustomTableViewCellLab/Info.plist;
				LD_RUNPATH_SEARCH_PATHS = (
					"$(inherited)",
					"@executable_path/Frameworks",
				);
				PRODUCT_BUNDLE_IDENTIFIER = pursuit.CustomTableViewCellLab;
				PRODUCT_NAME = "$(TARGET_NAME)";
				SWIFT_VERSION = 5.0;
				TARGETED_DEVICE_FAMILY = "1,2";
			};
			name = Release;
		};
/* End XCBuildConfiguration section */

/* Begin XCConfigurationList section */
		CD5C306E237E4B05008A8AE2 /* Build configuration list for PBXProject "CustomTableViewCellLab" */ = {
			isa = XCConfigurationList;
			buildConfigurations = (
				CD5C3085237E4B0B008A8AE2 /* Debug */,
				CD5C3086237E4B0B008A8AE2 /* Release */,
			);
			defaultConfigurationIsVisible = 0;
			defaultConfigurationName = Release;
		};
		CD5C3087237E4B0B008A8AE2 /* Build configuration list for PBXNativeTarget "CustomTableViewCellLab" */ = {
			isa = XCConfigurationList;
			buildConfigurations = (
				CD5C3088237E4B0B008A8AE2 /* Debug */,
				CD5C3089237E4B0B008A8AE2 /* Release */,
			);
			defaultConfigurationIsVisible = 0;
			defaultConfigurationName = Release;
		};
/* End XCConfigurationList section */
	};
	rootObject = CD5C306B237E4B05008A8AE2 /* Project object */;
}
